{
  "nodes": {
    "nixCats": {
      "locked": {
        "lastModified": 1761732732,
        "narHash": "sha256-AP3KzTaFXFLjWWXysSnVTXUaGuC3hkUQZSlxUdGsLSs=",
        "owner": "BirdeeHub",
        "repo": "nixCats-nvim",
        "rev": "6307455a6ccceadb9f873fc51d4cf7cd39bdace5",
        "type": "github"
      },
      "original": {
        "owner": "BirdeeHub",
        "repo": "nixCats-nvim",
        "type": "github"
      }
    },
    "nixpkgs": {
      "locked": {
        "lastModified": 1761672384,
        "narHash": "sha256-o9KF3DJL7g7iYMZq9SWgfS1BFlNbsm6xplRjVlOCkXI=",
        "owner": "nixos",
        "repo": "nixpkgs",
        "rev": "08dacfca559e1d7da38f3cf05f1f45ee9bfd213c",
        "type": "github"
      },
      "original": {
        "owner": "nixos",
        "ref": "nixos-unstable",
        "repo": "nixpkgs",
        "type": "github"
      }
    },
    "nixpkgs-with-working-ghci-dap": {
      "locked": {
        "lastModified": 1759036355,
        "narHash": "sha256-0m27AKv6ka+q270dw48KflE0LwQYrO7Fm4/2//KCVWg=",
        "owner": "nixos",
        "repo": "nixpkgs",
        "rev": "e9f00bd893984bc8ce46c895c3bf7cac95331127",
        "type": "github"
      },
      "original": {
        "owner": "nixos",
        "repo": "nixpkgs",
        "rev": "e9f00bd893984bc8ce46c895c3bf7cac95331127",
        "type": "github"
      }
    },
    "root": {
      "inputs": {
        "nixCats": "nixCats",
        "nixpkgs": "nixpkgs",
        "nixpkgs-with-working-ghci-dap": "nixpkgs-with-working-ghci-dap"
      }
    }
  },
  "root": "root",
  "version": 7
}
